// !$*UTF8*$!
{
	archiveVersion = 1;
	classes = {
	};
	objectVersion = 46;
	objects = {

/* Begin PBXBuildFile section */
		13BDCB5615946CC40040A1B2 /* GTMNSString+HTML.h in Headers */ = {isa = PBXBuildFile; fileRef = 13BDCB5415946CC40040A1B2 /* GTMNSString+HTML.h */; };
		13BDCB5715946CC40040A1B2 /* GTMNSString+HTML.m in Sources */ = {isa = PBXBuildFile; fileRef = 13BDCB5515946CC40040A1B2 /* GTMNSString+HTML.m */; };
		13BDCB5A15946D160040A1B2 /* GTMDefines.h in Headers */ = {isa = PBXBuildFile; fileRef = 13BDCB5915946D160040A1B2 /* GTMDefines.h */; };
		FF7120FB1545501F00F64AB7 /* Foundation.framework in Frameworks */ = {isa = PBXBuildFile; fileRef = FF7120FA1545501F00F64AB7 /* Foundation.framework */; };
		FF7121011545501F00F64AB7 /* WFPresentation.m in Sources */ = {isa = PBXBuildFile; fileRef = FF7121001545501F00F64AB7 /* WFPresentation.m */; };
		FF7121091545502000F64AB7 /* SenTestingKit.framework in Frameworks */ = {isa = PBXBuildFile; fileRef = FF7121081545502000F64AB7 /* SenTestingKit.framework */; };
		FF71210C1545502000F64AB7 /* Foundation.framework in Frameworks */ = {isa = PBXBuildFile; fileRef = FF7120FA1545501F00F64AB7 /* Foundation.framework */; };
		FF71210F1545502000F64AB7 /* libWFPresentation.a in Frameworks */ = {isa = PBXBuildFile; fileRef = FF7120F71545501F00F64AB7 /* libWFPresentation.a */; };
		FF7121151545502000F64AB7 /* InfoPlist.strings in Resources */ = {isa = PBXBuildFile; fileRef = FF7121131545502000F64AB7 /* InfoPlist.strings */; };
		FF7121181545502000F64AB7 /* WFPresentationTests.m in Sources */ = {isa = PBXBuildFile; fileRef = FF7121171545502000F64AB7 /* WFPresentationTests.m */; };
		FF7121261545506600F64AB7 /* WFPresentationTemplate.h in Headers */ = {isa = PBXBuildFile; fileRef = FF7121241545506600F64AB7 /* WFPresentationTemplate.h */; };
		FF7121271545506600F64AB7 /* WFPresentationTemplate.m in Sources */ = {isa = PBXBuildFile; fileRef = FF7121251545506600F64AB7 /* WFPresentationTemplate.m */; };
		FF7121281545506600F64AB7 /* WFPresentationTemplate.m in Sources */ = {isa = PBXBuildFile; fileRef = FF7121251545506600F64AB7 /* WFPresentationTemplate.m */; };
		FF71212D154550B100F64AB7 /* WFPresentationTemplate+Caching.h in Headers */ = {isa = PBXBuildFile; fileRef = FF71212B154550B100F64AB7 /* WFPresentationTemplate+Caching.h */; };
		FF71212E154550B100F64AB7 /* WFPresentationTemplate+Caching.m in Sources */ = {isa = PBXBuildFile; fileRef = FF71212C154550B100F64AB7 /* WFPresentationTemplate+Caching.m */; };
		FF71212F154550B100F64AB7 /* WFPresentationTemplate+Caching.m in Sources */ = {isa = PBXBuildFile; fileRef = FF71212C154550B100F64AB7 /* WFPresentationTemplate+Caching.m */; };
/* End PBXBuildFile section */

/* Begin PBXContainerItemProxy section */
		FF71210D1545502000F64AB7 /* PBXContainerItemProxy */ = {
			isa = PBXContainerItemProxy;
			containerPortal = FF7120EE1545501F00F64AB7 /* Project object */;
			proxyType = 1;
			remoteGlobalIDString = FF7120F61545501F00F64AB7;
			remoteInfo = WFPresentation;
		};
/* End PBXContainerItemProxy section */

/* Begin PBXFileReference section */
		13BDCB5415946CC40040A1B2 /* GTMNSString+HTML.h */ = {isa = PBXFileReference; fileEncoding = 4; lastKnownFileType = sourcecode.c.h; path = "GTMNSString+HTML.h"; sourceTree = "<group>"; };
		13BDCB5515946CC40040A1B2 /* GTMNSString+HTML.m */ = {isa = PBXFileReference; fileEncoding = 4; lastKnownFileType = sourcecode.c.objc; path = "GTMNSString+HTML.m"; sourceTree = "<group>"; };
		13BDCB5915946D160040A1B2 /* GTMDefines.h */ = {isa = PBXFileReference; fileEncoding = 4; lastKnownFileType = sourcecode.c.h; path = GTMDefines.h; sourceTree = "<group>"; };
		FF7120F71545501F00F64AB7 /* libWFPresentation.a */ = {isa = PBXFileReference; explicitFileType = archive.ar; includeInIndex = 0; path = libWFPresentation.a; sourceTree = BUILT_PRODUCTS_DIR; };
		FF7120FA1545501F00F64AB7 /* Foundation.framework */ = {isa = PBXFileReference; lastKnownFileType = wrapper.framework; name = Foundation.framework; path = System/Library/Frameworks/Foundation.framework; sourceTree = SDKROOT; };
		FF7120FE1545501F00F64AB7 /* WFPresentation-Prefix.pch */ = {isa = PBXFileReference; lastKnownFileType = sourcecode.c.h; path = "WFPresentation-Prefix.pch"; sourceTree = "<group>"; };
		FF7120FF1545501F00F64AB7 /* WFPresentation.h */ = {isa = PBXFileReference; lastKnownFileType = sourcecode.c.h; path = WFPresentation.h; sourceTree = "<group>"; };
		FF7121001545501F00F64AB7 /* WFPresentation.m */ = {isa = PBXFileReference; lastKnownFileType = sourcecode.c.objc; path = WFPresentation.m; sourceTree = "<group>"; };
		FF7121071545502000F64AB7 /* WFPresentationTests.octest */ = {isa = PBXFileReference; explicitFileType = wrapper.cfbundle; includeInIndex = 0; path = WFPresentationTests.octest; sourceTree = BUILT_PRODUCTS_DIR; };
		FF7121081545502000F64AB7 /* SenTestingKit.framework */ = {isa = PBXFileReference; lastKnownFileType = wrapper.framework; name = SenTestingKit.framework; path = Library/Frameworks/SenTestingKit.framework; sourceTree = DEVELOPER_DIR; };
		FF7121121545502000F64AB7 /* WFPresentationTests-Info.plist */ = {isa = PBXFileReference; lastKnownFileType = text.plist.xml; path = "WFPresentationTests-Info.plist"; sourceTree = "<group>"; };
		FF7121141545502000F64AB7 /* en */ = {isa = PBXFileReference; lastKnownFileType = text.plist.strings; name = en; path = en.lproj/InfoPlist.strings; sourceTree = "<group>"; };
		FF7121161545502000F64AB7 /* WFPresentationTests.h */ = {isa = PBXFileReference; lastKnownFileType = sourcecode.c.h; path = WFPresentationTests.h; sourceTree = "<group>"; };
		FF7121171545502000F64AB7 /* WFPresentationTests.m */ = {isa = PBXFileReference; lastKnownFileType = sourcecode.c.objc; path = WFPresentationTests.m; sourceTree = "<group>"; };
		FF7121241545506600F64AB7 /* WFPresentationTemplate.h */ = {isa = PBXFileReference; fileEncoding = 4; lastKnownFileType = sourcecode.c.h; path = WFPresentationTemplate.h; sourceTree = "<group>"; };
		FF7121251545506600F64AB7 /* WFPresentationTemplate.m */ = {isa = PBXFileReference; fileEncoding = 4; lastKnownFileType = sourcecode.c.objc; path = WFPresentationTemplate.m; sourceTree = "<group>"; };
		FF71212A1545507D00F64AB7 /* WFPresentationTemplate+SubclassEyesOnly.h */ = {isa = PBXFileReference; lastKnownFileType = sourcecode.c.h; path = "WFPresentationTemplate+SubclassEyesOnly.h"; sourceTree = "<group>"; };
		FF71212B154550B100F64AB7 /* WFPresentationTemplate+Caching.h */ = {isa = PBXFileReference; fileEncoding = 4; lastKnownFileType = sourcecode.c.h; path = "WFPresentationTemplate+Caching.h"; sourceTree = "<group>"; };
		FF71212C154550B100F64AB7 /* WFPresentationTemplate+Caching.m */ = {isa = PBXFileReference; fileEncoding = 4; lastKnownFileType = sourcecode.c.objc; path = "WFPresentationTemplate+Caching.m"; sourceTree = "<group>"; };
/* End PBXFileReference section */

/* Begin PBXFrameworksBuildPhase section */
		FF7120F41545501F00F64AB7 /* Frameworks */ = {
			isa = PBXFrameworksBuildPhase;
			buildActionMask = 2147483647;
			files = (
				FF7120FB1545501F00F64AB7 /* Foundation.framework in Frameworks */,
			);
			runOnlyForDeploymentPostprocessing = 0;
		};
		FF7121031545502000F64AB7 /* Frameworks */ = {
			isa = PBXFrameworksBuildPhase;
			buildActionMask = 2147483647;
			files = (
				FF7121091545502000F64AB7 /* SenTestingKit.framework in Frameworks */,
				FF71210C1545502000F64AB7 /* Foundation.framework in Frameworks */,
				FF71210F1545502000F64AB7 /* libWFPresentation.a in Frameworks */,
			);
			runOnlyForDeploymentPostprocessing = 0;
		};
/* End PBXFrameworksBuildPhase section */

/* Begin PBXGroup section */
		FF7120EC1545501F00F64AB7 = {
			isa = PBXGroup;
			children = (
				FF7120FC1545501F00F64AB7 /* WFPresentation */,
				FF7121101545502000F64AB7 /* WFPresentationTests */,
				FF7120F91545501F00F64AB7 /* Frameworks */,
				FF7120F81545501F00F64AB7 /* Products */,
			);
			sourceTree = "<group>";
		};
		FF7120F81545501F00F64AB7 /* Products */ = {
			isa = PBXGroup;
			children = (
				FF7120F71545501F00F64AB7 /* libWFPresentation.a */,
				FF7121071545502000F64AB7 /* WFPresentationTests.octest */,
			);
			name = Products;
			sourceTree = "<group>";
		};
		FF7120F91545501F00F64AB7 /* Frameworks */ = {
			isa = PBXGroup;
			children = (
				FF7120FA1545501F00F64AB7 /* Foundation.framework */,
				FF7121081545502000F64AB7 /* SenTestingKit.framework */,
			);
			name = Frameworks;
			sourceTree = "<group>";
		};
		FF7120FC1545501F00F64AB7 /* WFPresentation */ = {
			isa = PBXGroup;
			children = (
				13BDCB5915946D160040A1B2 /* GTMDefines.h */,
				13BDCB5415946CC40040A1B2 /* GTMNSString+HTML.h */,
				13BDCB5515946CC40040A1B2 /* GTMNSString+HTML.m */,
				FF7120FF1545501F00F64AB7 /* WFPresentation.h */,
				FF7121001545501F00F64AB7 /* WFPresentation.m */,
				FF7121241545506600F64AB7 /* WFPresentationTemplate.h */,
				FF7121251545506600F64AB7 /* WFPresentationTemplate.m */,
				FF71212A1545507D00F64AB7 /* WFPresentationTemplate+SubclassEyesOnly.h */,
				FF71212B154550B100F64AB7 /* WFPresentationTemplate+Caching.h */,
				FF71212C154550B100F64AB7 /* WFPresentationTemplate+Caching.m */,
				FF7120FD1545501F00F64AB7 /* Supporting Files */,
			);
			path = WFPresentation;
			sourceTree = "<group>";
		};
		FF7120FD1545501F00F64AB7 /* Supporting Files */ = {
			isa = PBXGroup;
			children = (
				FF7120FE1545501F00F64AB7 /* WFPresentation-Prefix.pch */,
			);
			name = "Supporting Files";
			sourceTree = "<group>";
		};
		FF7121101545502000F64AB7 /* WFPresentationTests */ = {
			isa = PBXGroup;
			children = (
				FF7121161545502000F64AB7 /* WFPresentationTests.h */,
				FF7121171545502000F64AB7 /* WFPresentationTests.m */,
				FF7121111545502000F64AB7 /* Supporting Files */,
			);
			path = WFPresentationTests;
			sourceTree = "<group>";
		};
		FF7121111545502000F64AB7 /* Supporting Files */ = {
			isa = PBXGroup;
			children = (
				FF7121121545502000F64AB7 /* WFPresentationTests-Info.plist */,
				FF7121131545502000F64AB7 /* InfoPlist.strings */,
			);
			name = "Supporting Files";
			sourceTree = "<group>";
		};
/* End PBXGroup section */

/* Begin PBXHeadersBuildPhase section */
		FF7120F51545501F00F64AB7 /* Headers */ = {
			isa = PBXHeadersBuildPhase;
			buildActionMask = 2147483647;
			files = (
				FF7121261545506600F64AB7 /* WFPresentationTemplate.h in Headers */,
				FF71212D154550B100F64AB7 /* WFPresentationTemplate+Caching.h in Headers */,
				13BDCB5615946CC40040A1B2 /* GTMNSString+HTML.h in Headers */,
				13BDCB5A15946D160040A1B2 /* GTMDefines.h in Headers */,
			);
			runOnlyForDeploymentPostprocessing = 0;
		};
/* End PBXHeadersBuildPhase section */

/* Begin PBXNativeTarget section */
		FF7120F61545501F00F64AB7 /* WFPresentation */ = {
			isa = PBXNativeTarget;
			buildConfigurationList = FF71211B1545502000F64AB7 /* Build configuration list for PBXNativeTarget "WFPresentation" */;
			buildPhases = (
				FF7120F31545501F00F64AB7 /* Sources */,
				FF7120F41545501F00F64AB7 /* Frameworks */,
				FF7120F51545501F00F64AB7 /* Headers */,
			);
			buildRules = (
			);
			dependencies = (
			);
			name = WFPresentation;
			productName = WFPresentation;
			productReference = FF7120F71545501F00F64AB7 /* libWFPresentation.a */;
			productType = "com.apple.product-type.library.static";
		};
		FF7121061545502000F64AB7 /* WFPresentationTests */ = {
			isa = PBXNativeTarget;
			buildConfigurationList = FF71211E1545502000F64AB7 /* Build configuration list for PBXNativeTarget "WFPresentationTests" */;
			buildPhases = (
				FF7121021545502000F64AB7 /* Sources */,
				FF7121031545502000F64AB7 /* Frameworks */,
				FF7121041545502000F64AB7 /* Resources */,
				FF7121051545502000F64AB7 /* ShellScript */,
			);
			buildRules = (
			);
			dependencies = (
				FF71210E1545502000F64AB7 /* PBXTargetDependency */,
			);
			name = WFPresentationTests;
			productName = WFPresentationTests;
			productReference = FF7121071545502000F64AB7 /* WFPresentationTests.octest */;
			productType = "com.apple.product-type.bundle";
		};
/* End PBXNativeTarget section */

/* Begin PBXProject section */
		FF7120EE1545501F00F64AB7 /* Project object */ = {
			isa = PBXProject;
			attributes = {
				ORGANIZATIONNAME = "Iridia Productions";
			};
			buildConfigurationList = FF7120F11545501F00F64AB7 /* Build configuration list for PBXProject "WFPresentation" */;
			compatibilityVersion = "Xcode 3.2";
			developmentRegion = English;
			hasScannedForEncodings = 0;
			knownRegions = (
				en,
			);
			mainGroup = FF7120EC1545501F00F64AB7;
			productRefGroup = FF7120F81545501F00F64AB7 /* Products */;
			projectDirPath = "";
			projectRoot = "";
			targets = (
				FF7120F61545501F00F64AB7 /* WFPresentation */,
				FF7121061545502000F64AB7 /* WFPresentationTests */,
			);
		};
/* End PBXProject section */

/* Begin PBXResourcesBuildPhase section */
		FF7121041545502000F64AB7 /* Resources */ = {
			isa = PBXResourcesBuildPhase;
			buildActionMask = 2147483647;
			files = (
				FF7121151545502000F64AB7 /* InfoPlist.strings in Resources */,
			);
			runOnlyForDeploymentPostprocessing = 0;
		};
/* End PBXResourcesBuildPhase section */

/* Begin PBXShellScriptBuildPhase section */
		FF7121051545502000F64AB7 /* ShellScript */ = {
			isa = PBXShellScriptBuildPhase;
			buildActionMask = 2147483647;
			files = (
			);
			inputPaths = (
			);
			outputPaths = (
			);
			runOnlyForDeploymentPostprocessing = 0;
			shellPath = /bin/sh;
			shellScript = "# Run the unit tests in this test bundle.\n\"${SYSTEM_DEVELOPER_DIR}/Tools/RunUnitTests\"\n";
		};
/* End PBXShellScriptBuildPhase section */

/* Begin PBXSourcesBuildPhase section */
		FF7120F31545501F00F64AB7 /* Sources */ = {
			isa = PBXSourcesBuildPhase;
			buildActionMask = 2147483647;
			files = (
				FF7121011545501F00F64AB7 /* WFPresentation.m in Sources */,
				FF7121271545506600F64AB7 /* WFPresentationTemplate.m in Sources */,
				FF71212E154550B100F64AB7 /* WFPresentationTemplate+Caching.m in Sources */,
				13BDCB5715946CC40040A1B2 /* GTMNSString+HTML.m in Sources */,
			);
			runOnlyForDeploymentPostprocessing = 0;
		};
		FF7121021545502000F64AB7 /* Sources */ = {
			isa = PBXSourcesBuildPhase;
			buildActionMask = 2147483647;
			files = (
				FF7121181545502000F64AB7 /* WFPresentationTests.m in Sources */,
				FF7121281545506600F64AB7 /* WFPresentationTemplate.m in Sources */,
				FF71212F154550B100F64AB7 /* WFPresentationTemplate+Caching.m in Sources */,
			);
			runOnlyForDeploymentPostprocessing = 0;
		};
/* End PBXSourcesBuildPhase section */

/* Begin PBXTargetDependency section */
		FF71210E1545502000F64AB7 /* PBXTargetDependency */ = {
			isa = PBXTargetDependency;
			target = FF7120F61545501F00F64AB7 /* WFPresentation */;
			targetProxy = FF71210D1545502000F64AB7 /* PBXContainerItemProxy */;
		};
/* End PBXTargetDependency section */

/* Begin PBXVariantGroup section */
		FF7121131545502000F64AB7 /* InfoPlist.strings */ = {
			isa = PBXVariantGroup;
			children = (
				FF7121141545502000F64AB7 /* en */,
			);
			name = InfoPlist.strings;
			sourceTree = "<group>";
		};
/* End PBXVariantGroup section */

/* Begin XCBuildConfiguration section */
		FF7121191545502000F64AB7 /* Debug */ = {
			isa = XCBuildConfiguration;
			buildSettings = {
				ALWAYS_SEARCH_USER_PATHS = NO;
				ARCHS = "$(ARCHS_STANDARD_32_BIT)";
				CLANG_ENABLE_OBJC_ARC = YES;
				CLANG_WARN__DUPLICATE_METHOD_MATCH = YES;
				COPY_PHASE_STRIP = NO;
				GCC_C_LANGUAGE_STANDARD = gnu99;
				GCC_DYNAMIC_NO_PIC = NO;
				GCC_OPTIMIZATION_LEVEL = 0;
				GCC_PREPROCESSOR_DEFINITIONS = (
					"DEBUG=1",
					"$(inherited)",
				);
				GCC_SYMBOLS_PRIVATE_EXTERN = NO;
				GCC_VERSION = com.apple.compilers.llvm.clang.1_0;
				GCC_WARN_ABOUT_RETURN_TYPE = YES;
				GCC_WARN_UNINITIALIZED_AUTOS = YES;
				GCC_WARN_UNUSED_VARIABLE = YES;
				IPHONEOS_DEPLOYMENT_TARGET = 5.1;
				SDKROOT = iphoneos;
			};
			name = Debug;
		};
		FF71211A1545502000F64AB7 /* Release */ = {
			isa = XCBuildConfiguration;
			buildSettings = {
				ALWAYS_SEARCH_USER_PATHS = NO;
				ARCHS = "$(ARCHS_STANDARD_32_BIT)";
				CLANG_ENABLE_OBJC_ARC = YES;
				CLANG_WARN__DUPLICATE_METHOD_MATCH = YES;
				COPY_PHASE_STRIP = YES;
				GCC_C_LANGUAGE_STANDARD = gnu99;
				GCC_VERSION = com.apple.compilers.llvm.clang.1_0;
				GCC_WARN_ABOUT_RETURN_TYPE = YES;
				GCC_WARN_UNINITIALIZED_AUTOS = YES;
				GCC_WARN_UNUSED_VARIABLE = YES;
				IPHONEOS_DEPLOYMENT_TARGET = 5.1;
				SDKROOT = iphoneos;
				VALIDATE_PRODUCT = YES;
			};
			name = Release;
		};
		FF71211C1545502000F64AB7 /* Debug */ = {
			isa = XCBuildConfiguration;
			buildSettings = {
				DSTROOT = /tmp/WFPresentation.dst;
				GCC_PRECOMPILE_PREFIX_HEADER = YES;
				GCC_PREFIX_HEADER = "WFPresentation/WFPresentation-Prefix.pch";
				OTHER_LDFLAGS = (
					"-ObjC",
					"-all_load",
				);
				PRODUCT_NAME = "$(TARGET_NAME)";
				SKIP_INSTALL = YES;
			};
			name = Debug;
		};
		FF71211D1545502000F64AB7 /* Release */ = {
			isa = XCBuildConfiguration;
			buildSettings = {
				DSTROOT = /tmp/WFPresentation.dst;
				GCC_PRECOMPILE_PREFIX_HEADER = YES;
				GCC_PREFIX_HEADER = "WFPresentation/WFPresentation-Prefix.pch";
				OTHER_LDFLAGS = (
					"-ObjC",
					"-all_load",
				);
				PRODUCT_NAME = "$(TARGET_NAME)";
				SKIP_INSTALL = YES;
			};
			name = Release;
		};
		FF71211F1545502000F64AB7 /* Debug */ = {
			isa = XCBuildConfiguration;
			buildSettings = {
				FRAMEWORK_SEARCH_PATHS = (
					"$(SDKROOT)/Developer/Library/Frameworks",
					"$(DEVELOPER_LIBRARY_DIR)/Frameworks",
				);
				GCC_PRECOMPILE_PREFIX_HEADER = YES;
				GCC_PREFIX_HEADER = "WFPresentation/WFPresentation-Prefix.pch";
				INFOPLIST_FILE = "WFPresentationTests/WFPresentationTests-Info.plist";
				PRODUCT_NAME = "$(TARGET_NAME)";
				WRAPPER_EXTENSION = octest;
			};
			name = Debug;
		};
		FF7121201545502000F64AB7 /* Release */ = {
			isa = XCBuildConfiguration;
			buildSettings = {
				FRAMEWORK_SEARCH_PATHS = (
					"$(SDKROOT)/Developer/Library/Frameworks",
					"$(DEVELOPER_LIBRARY_DIR)/Frameworks",
				);
				GCC_PRECOMPILE_PREFIX_HEADER = YES;
				GCC_PREFIX_HEADER = "WFPresentation/WFPresentation-Prefix.pch";
				INFOPLIST_FILE = "WFPresentationTests/WFPresentationTests-Info.plist";
				PRODUCT_NAME = "$(TARGET_NAME)";
				WRAPPER_EXTENSION = octest;
			};
			name = Release;
		};
/* End XCBuildConfiguration section */

/* Begin XCConfigurationList section */
		FF7120F11545501F00F64AB7 /* Build configuration list for PBXProject "WFPresentation" */ = {
			isa = XCConfigurationList;
			buildConfigurations = (
				FF7121191545502000F64AB7 /* Debug */,
				FF71211A1545502000F64AB7 /* Release */,
			);
			defaultConfigurationIsVisible = 0;
			defaultConfigurationName = Release;
		};
		FF71211B1545502000F64AB7 /* Build configuration list for PBXNativeTarget "WFPresentation" */ = {
			isa = XCConfigurationList;
			buildConfigurations = (
				FF71211C1545502000F64AB7 /* Debug */,
				FF71211D1545502000F64AB7 /* Release */,
			);
			defaultConfigurationIsVisible = 0;
			defaultConfigurationName = Release;
		};
		FF71211E1545502000F64AB7 /* Build configuration list for PBXNativeTarget "WFPresentationTests" */ = {
			isa = XCConfigurationList;
			buildConfigurations = (
				FF71211F1545502000F64AB7 /* Debug */,
				FF7121201545502000F64AB7 /* Release */,
			);
			defaultConfigurationIsVisible = 0;
			defaultConfigurationName = Release;
		};
/* End XCConfigurationList section */
	};
	rootObject = FF7120EE1545501F00F64AB7 /* Project object */;
}
